
Microsoft Visual Studio Solution File, Format Version 12.00
# Visual Studio Version 16
VisualStudioVersion = 16.0.29418.71
MinimumVisualStudioVersion = 10.0.40219.1
Project("{FAE04EC0-301F-11D3-BF4B-00C04F79EFBC}") = "Wpf_Metanit", "Wpf_Metanit\Wpf_Metanit.csproj", "{263F3D02-10F0-4C6F-BE5C-A3441BC9C2ED}"
EndProject
Global
	GlobalSection(SolutionConfigurationPlatforms) = preSolution
		Debug|Any CPU = Debug|Any CPU
		Release|Any CPU = Release|Any CPU
	EndGlobalSection
	GlobalSection(ProjectConfigurationPlatforms) = postSolution
		{263F3D02-10F0-4C6F-BE5C-A3441BC9C2ED}.Debug|Any CPU.ActiveCfg = Debug|Any CPU
		{263F3D02-10F0-4C6F-BE5C-A3441BC9C2ED}.Debug|Any CPU.Build.0 = Debug|Any CPU
		{263F3D02-10F0-4C6F-BE5C-A3441BC9C2ED}.Release|Any CPU.ActiveCfg = Release|Any CPU
		{263F3D02-10F0-4C6F-BE5C-A3441BC9C2ED}.Release|Any CPU.Build.0 = Release|Any CPU
	EndGlobalSection
	GlobalSection(SolutionProperties) = preSolution
		HideSolutionNode = FALSE
	EndGlobalSection
	GlobalSection(ExtensibilityGlobals) = postSolution
		SolutionGuid = {B5158BBF-B20A-4F06-ABD4-2F6385532451}
	EndGlobalSection
EndGlobal
